
Microsoft Visual Studio Solution File, Format Version 12.00
# Visual Studio Version 17
VisualStudioVersion = 17.7.34202.233
MinimumVisualStudioVersion = 10.0.40219.1
Project("{FAE04EC0-301F-11D3-BF4B-00C04F79EFBC}") = "Axon.Client", "Axon.Client\Axon.Client.csproj", "{583C0956-F39C-4A3C-AFF4-4427C4CA3482}"
EndProject
Project("{FAE04EC0-301F-11D3-BF4B-00C04F79EFBC}") = "Axon.Server", "Axon.Server\Axon.Server.csproj", "{00412666-37E0-4E45-BA64-35C2C8EC168A}"
EndProject
Project("{FAE04EC0-301F-11D3-BF4B-00C04F79EFBC}") = "Axon.Shared", "Axon.Shared\Axon.Shared.csproj", "{42CF68E3-3112-4C2B-AB16-5118565E1A70}"
EndProject
Global
	GlobalSection(SolutionConfigurationPlatforms) = preSolution
		Debug|Any CPU = Debug|Any CPU
		Release|Any CPU = Release|Any CPU
	EndGlobalSection
	GlobalSection(ProjectConfigurationPlatforms) = postSolution
		{583C0956-F39C-4A3C-AFF4-4427C4CA3482}.Debug|Any CPU.ActiveCfg = Debug|Any CPU
		{583C0956-F39C-4A3C-AFF4-4427C4CA3482}.Debug|Any CPU.Build.0 = Debug|Any CPU
		{583C0956-F39C-4A3C-AFF4-4427C4CA3482}.Release|Any CPU.ActiveCfg = Release|Any CPU
		{583C0956-F39C-4A3C-AFF4-4427C4CA3482}.Release|Any CPU.Build.0 = Release|Any CPU
		{00412666-37E0-4E45-BA64-35C2C8EC168A}.Debug|Any CPU.ActiveCfg = Debug|Any CPU
		{00412666-37E0-4E45-BA64-35C2C8EC168A}.Debug|Any CPU.Build.0 = Debug|Any CPU
		{00412666-37E0-4E45-BA64-35C2C8EC168A}.Release|Any CPU.ActiveCfg = Release|Any CPU
		{00412666-37E0-4E45-BA64-35C2C8EC168A}.Release|Any CPU.Build.0 = Release|Any CPU
		{42CF68E3-3112-4C2B-AB16-5118565E1A70}.Debug|Any CPU.ActiveCfg = Debug|Any CPU
		{42CF68E3-3112-4C2B-AB16-5118565E1A70}.Debug|Any CPU.Build.0 = Debug|Any CPU
		{42CF68E3-3112-4C2B-AB16-5118565E1A70}.Release|Any CPU.ActiveCfg = Release|Any CPU
		{42CF68E3-3112-4C2B-AB16-5118565E1A70}.Release|Any CPU.Build.0 = Release|Any CPU
	EndGlobalSection
	GlobalSection(SolutionProperties) = preSolution
		HideSolutionNode = FALSE
	EndGlobalSection
	GlobalSection(ExtensibilityGlobals) = postSolution
		SolutionGuid = {296AD23E-4462-4D83-8456-2AA09108C5AB}
	EndGlobalSection
EndGlobal
